
Microsoft Visual Studio Solution File, Format Version 12.00
# Visual Studio Version 17
VisualStudioVersion = 17.8.34212.112
MinimumVisualStudioVersion = 10.0.40219.1
Project("{FAE04EC0-301F-11D3-BF4B-00C04F79EFBC}") = "Homework_3T", "Homework_3T\Homework_3T.csproj", "{EEAED7A9-63F3-4DBB-9F1E-090AB3A9AFFA}"
EndProject
Global
	GlobalSection(SolutionConfigurationPlatforms) = preSolution
		Debug|Any CPU = Debug|Any CPU
		Release|Any CPU = Release|Any CPU
	EndGlobalSection
	GlobalSection(ProjectConfigurationPlatforms) = postSolution
		{EEAED7A9-63F3-4DBB-9F1E-090AB3A9AFFA}.Debug|Any CPU.ActiveCfg = Debug|Any CPU
		{EEAED7A9-63F3-4DBB-9F1E-090AB3A9AFFA}.Debug|Any CPU.Build.0 = Debug|Any CPU
		{EEAED7A9-63F3-4DBB-9F1E-090AB3A9AFFA}.Release|Any CPU.ActiveCfg = Release|Any CPU
		{EEAED7A9-63F3-4DBB-9F1E-090AB3A9AFFA}.Release|Any CPU.Build.0 = Release|Any CPU
	EndGlobalSection
	GlobalSection(SolutionProperties) = preSolution
		HideSolutionNode = FALSE
	EndGlobalSection
	GlobalSection(ExtensibilityGlobals) = postSolution
		SolutionGuid = {32DD104C-6FB8-47A9-8D34-774278E34C8D}
	EndGlobalSection
EndGlobal
